
Microsoft Visual Studio Solution File, Format Version 12.00
# Visual Studio 14
VisualStudioVersion = 14.0.23107.0
MinimumVisualStudioVersion = 10.0.40219.1
Project("{FAE04EC0-301F-11D3-BF4B-00C04F79EFBC}") = "NakkeNet", "Fall2015\NakkeNet.csproj", "{F9475567-936D-4606-AEDB-E9AE324DDBC8}"
EndProject
Project("{FAE04EC0-301F-11D3-BF4B-00C04F79EFBC}") = "NakkeNet.Tests", "Fall2015.Tests\NakkeNet.Tests.csproj", "{E1063A1B-DC9B-4BD3-8784-D921B6991481}"
EndProject
Global
	GlobalSection(SolutionConfigurationPlatforms) = preSolution
		Debug|Any CPU = Debug|Any CPU
		Release|Any CPU = Release|Any CPU
	EndGlobalSection
	GlobalSection(ProjectConfigurationPlatforms) = postSolution
		{F9475567-936D-4606-AEDB-E9AE324DDBC8}.Debug|Any CPU.ActiveCfg = Debug|Any CPU
		{F9475567-936D-4606-AEDB-E9AE324DDBC8}.Debug|Any CPU.Build.0 = Debug|Any CPU
		{F9475567-936D-4606-AEDB-E9AE324DDBC8}.Release|Any CPU.ActiveCfg = Release|Any CPU
		{F9475567-936D-4606-AEDB-E9AE324DDBC8}.Release|Any CPU.Build.0 = Release|Any CPU
		{E1063A1B-DC9B-4BD3-8784-D921B6991481}.Debug|Any CPU.ActiveCfg = Debug|Any CPU
		{E1063A1B-DC9B-4BD3-8784-D921B6991481}.Debug|Any CPU.Build.0 = Debug|Any CPU
		{E1063A1B-DC9B-4BD3-8784-D921B6991481}.Release|Any CPU.ActiveCfg = Release|Any CPU
		{E1063A1B-DC9B-4BD3-8784-D921B6991481}.Release|Any CPU.Build.0 = Release|Any CPU
	EndGlobalSection
	GlobalSection(SolutionProperties) = preSolution
		HideSolutionNode = FALSE
	EndGlobalSection
EndGlobal
